
Microsoft Visual Studio Solution File, Format Version 12.00
# Visual Studio Version 17
VisualStudioVersion = 17.12.35521.163
MinimumVisualStudioVersion = 10.0.40219.1
Project("{FAE04EC0-301F-11D3-BF4B-00C04F79EFBC}") = "AoC.Tools", "AoC.Tools\AoC.Tools.csproj", "{026C810A-3781-4AA2-AD57-8A087EBA0ABA}"
EndProject
Project("{FAE04EC0-301F-11D3-BF4B-00C04F79EFBC}") = "Day01", "Day01\Day01.csproj", "{70936E4F-BCCC-4018-9778-B3DCF8B46D40}"
EndProject
Project("{FAE04EC0-301F-11D3-BF4B-00C04F79EFBC}") = "Day02", "Day02\Day02.csproj", "{3111387A-2C77-4B91-8A96-24F4D72E5F08}"
EndProject
Project("{FAE04EC0-301F-11D3-BF4B-00C04F79EFBC}") = "Day03", "Day03\Day03.csproj", "{FE31A4D3-E07A-4E8E-933D-8A7C401B40DB}"
EndProject
Project("{FAE04EC0-301F-11D3-BF4B-00C04F79EFBC}") = "Day04", "Day04\Day04.csproj", "{02B412FF-FB14-4F7F-8FFB-F774E95C935E}"
EndProject
Project("{FAE04EC0-301F-11D3-BF4B-00C04F79EFBC}") = "Day05", "Day05\Day05.csproj", "{5D53A1AE-35E4-4442-99FD-273339D05B74}"
EndProject
Project("{FAE04EC0-301F-11D3-BF4B-00C04F79EFBC}") = "Day06", "Day06\Day06.csproj", "{2AE79F1A-58AE-4B92-BDF5-186053C0BAE1}"
EndProject
Project("{FAE04EC0-301F-11D3-BF4B-00C04F79EFBC}") = "Day07", "Day07\Day07.csproj", "{3D69A5F2-B69F-4E8C-BD68-B565B5C603F0}"
EndProject
Project("{FAE04EC0-301F-11D3-BF4B-00C04F79EFBC}") = "Day08", "Day08\Day08.csproj", "{6F4E5663-F868-4761-9914-6561ABFCE232}"
EndProject
Project("{FAE04EC0-301F-11D3-BF4B-00C04F79EFBC}") = "Day09", "Day09\Day09.csproj", "{39ACEFEF-391D-442C-A4AA-AC1CC2272290}"
EndProject
Project("{FAE04EC0-301F-11D3-BF4B-00C04F79EFBC}") = "Day10", "Day10\Day10.csproj", "{D0EAD76F-F808-491A-8882-2E909D5BE1D9}"
EndProject
Project("{FAE04EC0-301F-11D3-BF4B-00C04F79EFBC}") = "Day11", "Day11\Day11.csproj", "{59F34EFF-67AE-4E1D-B47A-B66FF6587208}"
EndProject
Project("{FAE04EC0-301F-11D3-BF4B-00C04F79EFBC}") = "Day12", "Day12\Day12.csproj", "{321A580E-5FB4-4690-921F-49ACEB2A2AB6}"
EndProject
Project("{FAE04EC0-301F-11D3-BF4B-00C04F79EFBC}") = "Day13", "Day13\Day13.csproj", "{27108908-C271-4696-BAFD-8CFF48402E95}"
EndProject
Project("{FAE04EC0-301F-11D3-BF4B-00C04F79EFBC}") = "Day14", "Day14\Day14.csproj", "{679679EB-3D08-4810-9EC2-EF451775D91F}"
EndProject
Project("{FAE04EC0-301F-11D3-BF4B-00C04F79EFBC}") = "Day15", "Day15\Day15.csproj", "{E4A37629-3B08-490F-B014-28E2F37C1450}"
EndProject
Project("{FAE04EC0-301F-11D3-BF4B-00C04F79EFBC}") = "Day16", "Day16\Day16.csproj", "{13774BED-AB60-45A0-B370-86FBC3360824}"
EndProject
Project("{FAE04EC0-301F-11D3-BF4B-00C04F79EFBC}") = "Day17", "Day17\Day17.csproj", "{A1EB928E-ADBD-4DB6-9FA6-13761CD0F23C}"
EndProject
Project("{FAE04EC0-301F-11D3-BF4B-00C04F79EFBC}") = "Day18", "Day18\Day18.csproj", "{8D0C1FB4-6152-465C-BDB2-DE2C9A8B4F91}"
EndProject
Project("{FAE04EC0-301F-11D3-BF4B-00C04F79EFBC}") = "Day19", "Day19\Day19.csproj", "{684B238A-EA2B-4DF7-8BF3-97D855AF5FE1}"
EndProject
Global
	GlobalSection(SolutionConfigurationPlatforms) = preSolution
		Debug|Any CPU = Debug|Any CPU
		Release|Any CPU = Release|Any CPU
	EndGlobalSection
	GlobalSection(ProjectConfigurationPlatforms) = postSolution
		{026C810A-3781-4AA2-AD57-8A087EBA0ABA}.Debug|Any CPU.ActiveCfg = Debug|Any CPU
		{026C810A-3781-4AA2-AD57-8A087EBA0ABA}.Debug|Any CPU.Build.0 = Debug|Any CPU
		{026C810A-3781-4AA2-AD57-8A087EBA0ABA}.Release|Any CPU.ActiveCfg = Release|Any CPU
		{026C810A-3781-4AA2-AD57-8A087EBA0ABA}.Release|Any CPU.Build.0 = Release|Any CPU
		{70936E4F-BCCC-4018-9778-B3DCF8B46D40}.Debug|Any CPU.ActiveCfg = Debug|Any CPU
		{70936E4F-BCCC-4018-9778-B3DCF8B46D40}.Debug|Any CPU.Build.0 = Debug|Any CPU
		{70936E4F-BCCC-4018-9778-B3DCF8B46D40}.Release|Any CPU.ActiveCfg = Release|Any CPU
		{70936E4F-BCCC-4018-9778-B3DCF8B46D40}.Release|Any CPU.Build.0 = Release|Any CPU
		{3111387A-2C77-4B91-8A96-24F4D72E5F08}.Debug|Any CPU.ActiveCfg = Debug|Any CPU
		{3111387A-2C77-4B91-8A96-24F4D72E5F08}.Debug|Any CPU.Build.0 = Debug|Any CPU
		{3111387A-2C77-4B91-8A96-24F4D72E5F08}.Release|Any CPU.ActiveCfg = Release|Any CPU
		{3111387A-2C77-4B91-8A96-24F4D72E5F08}.Release|Any CPU.Build.0 = Release|Any CPU
		{FE31A4D3-E07A-4E8E-933D-8A7C401B40DB}.Debug|Any CPU.ActiveCfg = Debug|Any CPU
		{FE31A4D3-E07A-4E8E-933D-8A7C401B40DB}.Debug|Any CPU.Build.0 = Debug|Any CPU
		{FE31A4D3-E07A-4E8E-933D-8A7C401B40DB}.Release|Any CPU.ActiveCfg = Release|Any CPU
		{FE31A4D3-E07A-4E8E-933D-8A7C401B40DB}.Release|Any CPU.Build.0 = Release|Any CPU
		{02B412FF-FB14-4F7F-8FFB-F774E95C935E}.Debug|Any CPU.ActiveCfg = Debug|Any CPU
		{02B412FF-FB14-4F7F-8FFB-F774E95C935E}.Debug|Any CPU.Build.0 = Debug|Any CPU
		{02B412FF-FB14-4F7F-8FFB-F774E95C935E}.Release|Any CPU.ActiveCfg = Release|Any CPU
		{02B412FF-FB14-4F7F-8FFB-F774E95C935E}.Release|Any CPU.Build.0 = Release|Any CPU
		{5D53A1AE-35E4-4442-99FD-273339D05B74}.Debug|Any CPU.ActiveCfg = Debug|Any CPU
		{5D53A1AE-35E4-4442-99FD-273339D05B74}.Debug|Any CPU.Build.0 = Debug|Any CPU
		{5D53A1AE-35E4-4442-99FD-273339D05B74}.Release|Any CPU.ActiveCfg = Release|Any CPU
		{5D53A1AE-35E4-4442-99FD-273339D05B74}.Release|Any CPU.Build.0 = Release|Any CPU
		{2AE79F1A-58AE-4B92-BDF5-186053C0BAE1}.Debug|Any CPU.ActiveCfg = Debug|Any CPU
		{2AE79F1A-58AE-4B92-BDF5-186053C0BAE1}.Debug|Any CPU.Build.0 = Debug|Any CPU
		{2AE79F1A-58AE-4B92-BDF5-186053C0BAE1}.Release|Any CPU.ActiveCfg = Release|Any CPU
		{2AE79F1A-58AE-4B92-BDF5-186053C0BAE1}.Release|Any CPU.Build.0 = Release|Any CPU
		{3D69A5F2-B69F-4E8C-BD68-B565B5C603F0}.Debug|Any CPU.ActiveCfg = Debug|Any CPU
		{3D69A5F2-B69F-4E8C-BD68-B565B5C603F0}.Debug|Any CPU.Build.0 = Debug|Any CPU
		{3D69A5F2-B69F-4E8C-BD68-B565B5C603F0}.Release|Any CPU.ActiveCfg = Release|Any CPU
		{3D69A5F2-B69F-4E8C-BD68-B565B5C603F0}.Release|Any CPU.Build.0 = Release|Any CPU
		{6F4E5663-F868-4761-9914-6561ABFCE232}.Debug|Any CPU.ActiveCfg = Debug|Any CPU
		{6F4E5663-F868-4761-9914-6561ABFCE232}.Debug|Any CPU.Build.0 = Debug|Any CPU
		{6F4E5663-F868-4761-9914-6561ABFCE232}.Release|Any CPU.ActiveCfg = Release|Any CPU
		{6F4E5663-F868-4761-9914-6561ABFCE232}.Release|Any CPU.Build.0 = Release|Any CPU
		{39ACEFEF-391D-442C-A4AA-AC1CC2272290}.Debug|Any CPU.ActiveCfg = Debug|Any CPU
		{39ACEFEF-391D-442C-A4AA-AC1CC2272290}.Debug|Any CPU.Build.0 = Debug|Any CPU
		{39ACEFEF-391D-442C-A4AA-AC1CC2272290}.Release|Any CPU.ActiveCfg = Release|Any CPU
		{39ACEFEF-391D-442C-A4AA-AC1CC2272290}.Release|Any CPU.Build.0 = Release|Any CPU
		{D0EAD76F-F808-491A-8882-2E909D5BE1D9}.Debug|Any CPU.ActiveCfg = Debug|Any CPU
		{D0EAD76F-F808-491A-8882-2E909D5BE1D9}.Debug|Any CPU.Build.0 = Debug|Any CPU
		{D0EAD76F-F808-491A-8882-2E909D5BE1D9}.Release|Any CPU.ActiveCfg = Release|Any CPU
		{D0EAD76F-F808-491A-8882-2E909D5BE1D9}.Release|Any CPU.Build.0 = Release|Any CPU
		{59F34EFF-67AE-4E1D-B47A-B66FF6587208}.Debug|Any CPU.ActiveCfg = Debug|Any CPU
		{59F34EFF-67AE-4E1D-B47A-B66FF6587208}.Debug|Any CPU.Build.0 = Debug|Any CPU
		{59F34EFF-67AE-4E1D-B47A-B66FF6587208}.Release|Any CPU.ActiveCfg = Release|Any CPU
		{59F34EFF-67AE-4E1D-B47A-B66FF6587208}.Release|Any CPU.Build.0 = Release|Any CPU
		{321A580E-5FB4-4690-921F-49ACEB2A2AB6}.Debug|Any CPU.ActiveCfg = Debug|Any CPU
		{321A580E-5FB4-4690-921F-49ACEB2A2AB6}.Debug|Any CPU.Build.0 = Debug|Any CPU
		{321A580E-5FB4-4690-921F-49ACEB2A2AB6}.Release|Any CPU.ActiveCfg = Release|Any CPU
		{321A580E-5FB4-4690-921F-49ACEB2A2AB6}.Release|Any CPU.Build.0 = Release|Any CPU
		{27108908-C271-4696-BAFD-8CFF48402E95}.Debug|Any CPU.ActiveCfg = Debug|Any CPU
		{27108908-C271-4696-BAFD-8CFF48402E95}.Debug|Any CPU.Build.0 = Debug|Any CPU
		{27108908-C271-4696-BAFD-8CFF48402E95}.Release|Any CPU.ActiveCfg = Release|Any CPU
		{27108908-C271-4696-BAFD-8CFF48402E95}.Release|Any CPU.Build.0 = Release|Any CPU
		{679679EB-3D08-4810-9EC2-EF451775D91F}.Debug|Any CPU.ActiveCfg = Debug|Any CPU
		{679679EB-3D08-4810-9EC2-EF451775D91F}.Debug|Any CPU.Build.0 = Debug|Any CPU
		{679679EB-3D08-4810-9EC2-EF451775D91F}.Release|Any CPU.ActiveCfg = Release|Any CPU
		{679679EB-3D08-4810-9EC2-EF451775D91F}.Release|Any CPU.Build.0 = Release|Any CPU
		{E4A37629-3B08-490F-B014-28E2F37C1450}.Debug|Any CPU.ActiveCfg = Debug|Any CPU
		{E4A37629-3B08-490F-B014-28E2F37C1450}.Debug|Any CPU.Build.0 = Debug|Any CPU
		{E4A37629-3B08-490F-B014-28E2F37C1450}.Release|Any CPU.ActiveCfg = Release|Any CPU
		{E4A37629-3B08-490F-B014-28E2F37C1450}.Release|Any CPU.Build.0 = Release|Any CPU
		{13774BED-AB60-45A0-B370-86FBC3360824}.Debug|Any CPU.ActiveCfg = Debug|Any CPU
		{13774BED-AB60-45A0-B370-86FBC3360824}.Debug|Any CPU.Build.0 = Debug|Any CPU
		{13774BED-AB60-45A0-B370-86FBC3360824}.Release|Any CPU.ActiveCfg = Release|Any CPU
		{13774BED-AB60-45A0-B370-86FBC3360824}.Release|Any CPU.Build.0 = Release|Any CPU
		{A1EB928E-ADBD-4DB6-9FA6-13761CD0F23C}.Debug|Any CPU.ActiveCfg = Debug|Any CPU
		{A1EB928E-ADBD-4DB6-9FA6-13761CD0F23C}.Debug|Any CPU.Build.0 = Debug|Any CPU
		{A1EB928E-ADBD-4DB6-9FA6-13761CD0F23C}.Release|Any CPU.ActiveCfg = Release|Any CPU
		{A1EB928E-ADBD-4DB6-9FA6-13761CD0F23C}.Release|Any CPU.Build.0 = Release|Any CPU
		{8D0C1FB4-6152-465C-BDB2-DE2C9A8B4F91}.Debug|Any CPU.ActiveCfg = Debug|Any CPU
		{8D0C1FB4-6152-465C-BDB2-DE2C9A8B4F91}.Debug|Any CPU.Build.0 = Debug|Any CPU
		{8D0C1FB4-6152-465C-BDB2-DE2C9A8B4F91}.Release|Any CPU.ActiveCfg = Release|Any CPU
		{8D0C1FB4-6152-465C-BDB2-DE2C9A8B4F91}.Release|Any CPU.Build.0 = Release|Any CPU
		{684B238A-EA2B-4DF7-8BF3-97D855AF5FE1}.Debug|Any CPU.ActiveCfg = Debug|Any CPU
		{684B238A-EA2B-4DF7-8BF3-97D855AF5FE1}.Debug|Any CPU.Build.0 = Debug|Any CPU
		{684B238A-EA2B-4DF7-8BF3-97D855AF5FE1}.Release|Any CPU.ActiveCfg = Release|Any CPU
		{684B238A-EA2B-4DF7-8BF3-97D855AF5FE1}.Release|Any CPU.Build.0 = Release|Any CPU
	EndGlobalSection
	GlobalSection(SolutionProperties) = preSolution
		HideSolutionNode = FALSE
	EndGlobalSection
EndGlobal
